
Microsoft Visual Studio Solution File, Format Version 12.00
# Visual Studio Version 16
VisualStudioVersion = 16.0.30804.86
MinimumVisualStudioVersion = 10.0.40219.1
Project("{9A19103F-16F7-4668-BE54-9A1E7A4F7556}") = "GateWayServer", "GateWayServer\GateWayServer.csproj", "{F6C47E3E-47BE-4B62-9CDD-5908283A2321}"
EndProject
Project("{9A19103F-16F7-4668-BE54-9A1E7A4F7556}") = "GameServer", "GameServer\GameServer.csproj", "{0A9A5205-9E3E-40D8-9E61-026D6052F10F}"
EndProject
Project("{9A19103F-16F7-4668-BE54-9A1E7A4F7556}") = "TapDB", "TapDB\TapDB.csproj", "{6AEBF1BF-A525-43F5-B9BF-1012706B876C}"
EndProject
Project("{9A19103F-16F7-4668-BE54-9A1E7A4F7556}") = "AWS", "AWS\AWS.csproj", "{22259E33-DA6F-4FBD-8289-0939016D22FE}"
EndProject
Project("{FAE04EC0-301F-11D3-BF4B-00C04F79EFBC}") = "Commander", "Commander\Commander.csproj", "{7A12E5A2-B9D4-4255-8317-184E9634944E}"
EndProject
Project("{FAE04EC0-301F-11D3-BF4B-00C04F79EFBC}") = "ProtoMaker", "ProtoMaker\ProtoMaker.csproj", "{97A5AC6D-D0B7-4C91-B3D8-BA43361CD085}"
EndProject
Project("{9A19103F-16F7-4668-BE54-9A1E7A4F7556}") = "PacketDecrypter", "PacketDecrypter\PacketDecrypter.csproj", "{35BEBC20-F0B9-44FF-9B36-8EB38ED4B752}"
EndProject
Global
	GlobalSection(SolutionConfigurationPlatforms) = preSolution
		Debug|Any CPU = Debug|Any CPU
		Debug|x64 = Debug|x64
		Release|Any CPU = Release|Any CPU
		Release|x64 = Release|x64
		x64|Any CPU = x64|Any CPU
		x64|x64 = x64|x64
	EndGlobalSection
	GlobalSection(ProjectConfigurationPlatforms) = postSolution
		{F6C47E3E-47BE-4B62-9CDD-5908283A2321}.Debug|Any CPU.ActiveCfg = Debug|Any CPU
		{F6C47E3E-47BE-4B62-9CDD-5908283A2321}.Debug|Any CPU.Build.0 = Debug|Any CPU
		{F6C47E3E-47BE-4B62-9CDD-5908283A2321}.Debug|x64.ActiveCfg = Debug|x64
		{F6C47E3E-47BE-4B62-9CDD-5908283A2321}.Debug|x64.Build.0 = Debug|x64
		{F6C47E3E-47BE-4B62-9CDD-5908283A2321}.Release|Any CPU.ActiveCfg = Release|Any CPU
		{F6C47E3E-47BE-4B62-9CDD-5908283A2321}.Release|Any CPU.Build.0 = Release|Any CPU
		{F6C47E3E-47BE-4B62-9CDD-5908283A2321}.Release|x64.ActiveCfg = Release|x64
		{F6C47E3E-47BE-4B62-9CDD-5908283A2321}.Release|x64.Build.0 = Release|x64
		{F6C47E3E-47BE-4B62-9CDD-5908283A2321}.x64|Any CPU.ActiveCfg = x64|Any CPU
		{F6C47E3E-47BE-4B62-9CDD-5908283A2321}.x64|Any CPU.Build.0 = x64|Any CPU
		{F6C47E3E-47BE-4B62-9CDD-5908283A2321}.x64|x64.ActiveCfg = x64|x64
		{F6C47E3E-47BE-4B62-9CDD-5908283A2321}.x64|x64.Build.0 = x64|x64
		{0A9A5205-9E3E-40D8-9E61-026D6052F10F}.Debug|Any CPU.ActiveCfg = Debug|Any CPU
		{0A9A5205-9E3E-40D8-9E61-026D6052F10F}.Debug|Any CPU.Build.0 = Debug|Any CPU
		{0A9A5205-9E3E-40D8-9E61-026D6052F10F}.Debug|x64.ActiveCfg = Debug|Any CPU
		{0A9A5205-9E3E-40D8-9E61-026D6052F10F}.Debug|x64.Build.0 = Debug|Any CPU
		{0A9A5205-9E3E-40D8-9E61-026D6052F10F}.Release|Any CPU.ActiveCfg = Release|Any CPU
		{0A9A5205-9E3E-40D8-9E61-026D6052F10F}.Release|Any CPU.Build.0 = Release|Any CPU
		{0A9A5205-9E3E-40D8-9E61-026D6052F10F}.Release|x64.ActiveCfg = Release|Any CPU
		{0A9A5205-9E3E-40D8-9E61-026D6052F10F}.Release|x64.Build.0 = Release|Any CPU
		{0A9A5205-9E3E-40D8-9E61-026D6052F10F}.x64|Any CPU.ActiveCfg = Debug|Any CPU
		{0A9A5205-9E3E-40D8-9E61-026D6052F10F}.x64|Any CPU.Build.0 = Debug|Any CPU
		{0A9A5205-9E3E-40D8-9E61-026D6052F10F}.x64|x64.ActiveCfg = Debug|Any CPU
		{0A9A5205-9E3E-40D8-9E61-026D6052F10F}.x64|x64.Build.0 = Debug|Any CPU
		{6AEBF1BF-A525-43F5-B9BF-1012706B876C}.Debug|Any CPU.ActiveCfg = Debug|Any CPU
		{6AEBF1BF-A525-43F5-B9BF-1012706B876C}.Debug|Any CPU.Build.0 = Debug|Any CPU
		{6AEBF1BF-A525-43F5-B9BF-1012706B876C}.Debug|x64.ActiveCfg = Debug|Any CPU
		{6AEBF1BF-A525-43F5-B9BF-1012706B876C}.Debug|x64.Build.0 = Debug|Any CPU
		{6AEBF1BF-A525-43F5-B9BF-1012706B876C}.Release|Any CPU.ActiveCfg = Release|Any CPU
		{6AEBF1BF-A525-43F5-B9BF-1012706B876C}.Release|Any CPU.Build.0 = Release|Any CPU
		{6AEBF1BF-A525-43F5-B9BF-1012706B876C}.Release|x64.ActiveCfg = Release|Any CPU
		{6AEBF1BF-A525-43F5-B9BF-1012706B876C}.Release|x64.Build.0 = Release|Any CPU
		{6AEBF1BF-A525-43F5-B9BF-1012706B876C}.x64|Any CPU.ActiveCfg = Debug|Any CPU
		{6AEBF1BF-A525-43F5-B9BF-1012706B876C}.x64|Any CPU.Build.0 = Debug|Any CPU
		{6AEBF1BF-A525-43F5-B9BF-1012706B876C}.x64|x64.ActiveCfg = Debug|Any CPU
		{6AEBF1BF-A525-43F5-B9BF-1012706B876C}.x64|x64.Build.0 = Debug|Any CPU
		{22259E33-DA6F-4FBD-8289-0939016D22FE}.Debug|Any CPU.ActiveCfg = Debug|Any CPU
		{22259E33-DA6F-4FBD-8289-0939016D22FE}.Debug|Any CPU.Build.0 = Debug|Any CPU
		{22259E33-DA6F-4FBD-8289-0939016D22FE}.Debug|x64.ActiveCfg = Debug|Any CPU
		{22259E33-DA6F-4FBD-8289-0939016D22FE}.Debug|x64.Build.0 = Debug|Any CPU
		{22259E33-DA6F-4FBD-8289-0939016D22FE}.Release|Any CPU.ActiveCfg = Release|Any CPU
		{22259E33-DA6F-4FBD-8289-0939016D22FE}.Release|Any CPU.Build.0 = Release|Any CPU
		{22259E33-DA6F-4FBD-8289-0939016D22FE}.Release|x64.ActiveCfg = Release|Any CPU
		{22259E33-DA6F-4FBD-8289-0939016D22FE}.Release|x64.Build.0 = Release|Any CPU
		{22259E33-DA6F-4FBD-8289-0939016D22FE}.x64|Any CPU.ActiveCfg = Debug|Any CPU
		{22259E33-DA6F-4FBD-8289-0939016D22FE}.x64|Any CPU.Build.0 = Debug|Any CPU
		{22259E33-DA6F-4FBD-8289-0939016D22FE}.x64|x64.ActiveCfg = Debug|Any CPU
		{22259E33-DA6F-4FBD-8289-0939016D22FE}.x64|x64.Build.0 = Debug|Any CPU
		{7A12E5A2-B9D4-4255-8317-184E9634944E}.Debug|Any CPU.ActiveCfg = Debug|Any CPU
		{7A12E5A2-B9D4-4255-8317-184E9634944E}.Debug|Any CPU.Build.0 = Debug|Any CPU
		{7A12E5A2-B9D4-4255-8317-184E9634944E}.Debug|x64.ActiveCfg = Debug|Any CPU
		{7A12E5A2-B9D4-4255-8317-184E9634944E}.Debug|x64.Build.0 = Debug|Any CPU
		{7A12E5A2-B9D4-4255-8317-184E9634944E}.Release|Any CPU.ActiveCfg = Release|Any CPU
		{7A12E5A2-B9D4-4255-8317-184E9634944E}.Release|Any CPU.Build.0 = Release|Any CPU
		{7A12E5A2-B9D4-4255-8317-184E9634944E}.Release|x64.ActiveCfg = Release|Any CPU
		{7A12E5A2-B9D4-4255-8317-184E9634944E}.Release|x64.Build.0 = Release|Any CPU
		{7A12E5A2-B9D4-4255-8317-184E9634944E}.x64|Any CPU.ActiveCfg = Debug|Any CPU
		{7A12E5A2-B9D4-4255-8317-184E9634944E}.x64|Any CPU.Build.0 = Debug|Any CPU
		{7A12E5A2-B9D4-4255-8317-184E9634944E}.x64|x64.ActiveCfg = Debug|Any CPU
		{7A12E5A2-B9D4-4255-8317-184E9634944E}.x64|x64.Build.0 = Debug|Any CPU
		{97A5AC6D-D0B7-4C91-B3D8-BA43361CD085}.Debug|Any CPU.ActiveCfg = Debug|Any CPU
		{97A5AC6D-D0B7-4C91-B3D8-BA43361CD085}.Debug|Any CPU.Build.0 = Debug|Any CPU
		{97A5AC6D-D0B7-4C91-B3D8-BA43361CD085}.Debug|x64.ActiveCfg = Debug|Any CPU
		{97A5AC6D-D0B7-4C91-B3D8-BA43361CD085}.Debug|x64.Build.0 = Debug|Any CPU
		{97A5AC6D-D0B7-4C91-B3D8-BA43361CD085}.Release|Any CPU.ActiveCfg = Release|Any CPU
		{97A5AC6D-D0B7-4C91-B3D8-BA43361CD085}.Release|Any CPU.Build.0 = Release|Any CPU
		{97A5AC6D-D0B7-4C91-B3D8-BA43361CD085}.Release|x64.ActiveCfg = Release|Any CPU
		{97A5AC6D-D0B7-4C91-B3D8-BA43361CD085}.Release|x64.Build.0 = Release|Any CPU
		{97A5AC6D-D0B7-4C91-B3D8-BA43361CD085}.x64|Any CPU.ActiveCfg = Debug|Any CPU
		{97A5AC6D-D0B7-4C91-B3D8-BA43361CD085}.x64|Any CPU.Build.0 = Debug|Any CPU
		{97A5AC6D-D0B7-4C91-B3D8-BA43361CD085}.x64|x64.ActiveCfg = Debug|Any CPU
		{97A5AC6D-D0B7-4C91-B3D8-BA43361CD085}.x64|x64.Build.0 = Debug|Any CPU
		{35BEBC20-F0B9-44FF-9B36-8EB38ED4B752}.Debug|Any CPU.ActiveCfg = Debug|Any CPU
		{35BEBC20-F0B9-44FF-9B36-8EB38ED4B752}.Debug|Any CPU.Build.0 = Debug|Any CPU
		{35BEBC20-F0B9-44FF-9B36-8EB38ED4B752}.Debug|x64.ActiveCfg = Debug|Any CPU
		{35BEBC20-F0B9-44FF-9B36-8EB38ED4B752}.Debug|x64.Build.0 = Debug|Any CPU
		{35BEBC20-F0B9-44FF-9B36-8EB38ED4B752}.Release|Any CPU.ActiveCfg = Release|Any CPU
		{35BEBC20-F0B9-44FF-9B36-8EB38ED4B752}.Release|Any CPU.Build.0 = Release|Any CPU
		{35BEBC20-F0B9-44FF-9B36-8EB38ED4B752}.Release|x64.ActiveCfg = Release|Any CPU
		{35BEBC20-F0B9-44FF-9B36-8EB38ED4B752}.Release|x64.Build.0 = Release|Any CPU
		{35BEBC20-F0B9-44FF-9B36-8EB38ED4B752}.x64|Any CPU.ActiveCfg = Debug|Any CPU
		{35BEBC20-F0B9-44FF-9B36-8EB38ED4B752}.x64|Any CPU.Build.0 = Debug|Any CPU
		{35BEBC20-F0B9-44FF-9B36-8EB38ED4B752}.x64|x64.ActiveCfg = Debug|Any CPU
		{35BEBC20-F0B9-44FF-9B36-8EB38ED4B752}.x64|x64.Build.0 = Debug|Any CPU
	EndGlobalSection
	GlobalSection(SolutionProperties) = preSolution
		HideSolutionNode = FALSE
	EndGlobalSection
	GlobalSection(ExtensibilityGlobals) = postSolution
		SolutionGuid = {D5A7993C-32F0-433F-B537-4ACDCDB82B41}
	EndGlobalSection
EndGlobal
