
Microsoft Visual Studio Solution File, Format Version 12.00
# Visual Studio Version 16
VisualStudioVersion = 16.0.31005.135
MinimumVisualStudioVersion = 10.0.40219.1
Project("{FAE04EC0-301F-11D3-BF4B-00C04F79EFBC}") = "PacketCapture", "pcapTest\PacketCapture.csproj", "{1C221B5A-7A22-4479-B5AD-DC2820C8B7D2}"
EndProject
Global
	GlobalSection(SolutionConfigurationPlatforms) = preSolution
		Debug|Any CPU = Debug|Any CPU
		Release|Any CPU = Release|Any CPU
	EndGlobalSection
	GlobalSection(ProjectConfigurationPlatforms) = postSolution
		{1C221B5A-7A22-4479-B5AD-DC2820C8B7D2}.Debug|Any CPU.ActiveCfg = Debug|Any CPU
		{1C221B5A-7A22-4479-B5AD-DC2820C8B7D2}.Debug|Any CPU.Build.0 = Debug|Any CPU
		{1C221B5A-7A22-4479-B5AD-DC2820C8B7D2}.Release|Any CPU.ActiveCfg = Release|Any CPU
		{1C221B5A-7A22-4479-B5AD-DC2820C8B7D2}.Release|Any CPU.Build.0 = Release|Any CPU
	EndGlobalSection
	GlobalSection(SolutionProperties) = preSolution
		HideSolutionNode = FALSE
	EndGlobalSection
	GlobalSection(ExtensibilityGlobals) = postSolution
		SolutionGuid = {2C1F196A-6C40-416D-B9AD-FA342FD8BBAD}
	EndGlobalSection
EndGlobal
